
Microsoft Visual Studio Solution File, Format Version 12.00
# Visual Studio Version 17
VisualStudioVersion = 17.6.33815.320
MinimumVisualStudioVersion = 10.0.40219.1
Project("{FAE04EC0-301F-11D3-BF4B-00C04F79EFBC}") = "SimpleSlotMachine", "SimpleSlotMachine.csproj", "{BE026A45-1851-411E-930D-D79235F7276E}"
EndProject
Project("{FAE04EC0-301F-11D3-BF4B-00C04F79EFBC}") = "GameEngines", "GameEngines\GameEngines.csproj", "{64FA4F02-FB39-41F4-88DF-6C631C60675B}"
EndProject
Global
	GlobalSection(SolutionConfigurationPlatforms) = preSolution
		Debug|Any CPU = Debug|Any CPU
		Release|Any CPU = Release|Any CPU
	EndGlobalSection
	GlobalSection(ProjectConfigurationPlatforms) = postSolution
		{BE026A45-1851-411E-930D-D79235F7276E}.Debug|Any CPU.ActiveCfg = Debug|Any CPU
		{BE026A45-1851-411E-930D-D79235F7276E}.Debug|Any CPU.Build.0 = Debug|Any CPU
		{BE026A45-1851-411E-930D-D79235F7276E}.Release|Any CPU.ActiveCfg = Release|Any CPU
		{BE026A45-1851-411E-930D-D79235F7276E}.Release|Any CPU.Build.0 = Release|Any CPU
		{64FA4F02-FB39-41F4-88DF-6C631C60675B}.Debug|Any CPU.ActiveCfg = Debug|Any CPU
		{64FA4F02-FB39-41F4-88DF-6C631C60675B}.Debug|Any CPU.Build.0 = Debug|Any CPU
		{64FA4F02-FB39-41F4-88DF-6C631C60675B}.Release|Any CPU.ActiveCfg = Release|Any CPU
		{64FA4F02-FB39-41F4-88DF-6C631C60675B}.Release|Any CPU.Build.0 = Release|Any CPU
	EndGlobalSection
	GlobalSection(SolutionProperties) = preSolution
		HideSolutionNode = FALSE
	EndGlobalSection
	GlobalSection(ExtensibilityGlobals) = postSolution
		SolutionGuid = {DFDB0823-C316-4443-9C12-CFA2EBAB758B}
	EndGlobalSection
EndGlobal
